
Microsoft Visual Studio Solution File, Format Version 12.00
# Visual Studio 15
VisualStudioVersion = 15.0.28010.2050
MinimumVisualStudioVersion = 10.0.40219.1
Project("{FAE04EC0-301F-11D3-BF4B-00C04F79EFBC}") = "WPF_FileProcessing", "WPF_FileProcessing\WPF_FileProcessing.csproj", "{8ACD7FDA-0A2D-4D03-8459-3DEFD90B674D}"
EndProject
Global
	GlobalSection(SolutionConfigurationPlatforms) = preSolution
		Debug|Any CPU = Debug|Any CPU
		Release|Any CPU = Release|Any CPU
	EndGlobalSection
	GlobalSection(ProjectConfigurationPlatforms) = postSolution
		{8ACD7FDA-0A2D-4D03-8459-3DEFD90B674D}.Debug|Any CPU.ActiveCfg = Debug|Any CPU
		{8ACD7FDA-0A2D-4D03-8459-3DEFD90B674D}.Debug|Any CPU.Build.0 = Debug|Any CPU
		{8ACD7FDA-0A2D-4D03-8459-3DEFD90B674D}.Release|Any CPU.ActiveCfg = Release|Any CPU
		{8ACD7FDA-0A2D-4D03-8459-3DEFD90B674D}.Release|Any CPU.Build.0 = Release|Any CPU
	EndGlobalSection
	GlobalSection(SolutionProperties) = preSolution
		HideSolutionNode = FALSE
	EndGlobalSection
	GlobalSection(ExtensibilityGlobals) = postSolution
		SolutionGuid = {AC2B3792-5B25-49BA-B0E6-B14BBB9DF495}
	EndGlobalSection
EndGlobal
