
Microsoft Visual Studio Solution File, Format Version 12.00
# Visual Studio 15
VisualStudioVersion = 15.0.28010.2050
MinimumVisualStudioVersion = 10.0.40219.1
Project("{FAE04EC0-301F-11D3-BF4B-00C04F79EFBC}") = "WPF Examples", "WPF Examples\WPF Examples.csproj", "{BFBF5308-08B7-48ED-95A0-9F816160B536}"
EndProject
Global
	GlobalSection(SolutionConfigurationPlatforms) = preSolution
		Debug|Any CPU = Debug|Any CPU
		Release|Any CPU = Release|Any CPU
	EndGlobalSection
	GlobalSection(ProjectConfigurationPlatforms) = postSolution
		{BFBF5308-08B7-48ED-95A0-9F816160B536}.Debug|Any CPU.ActiveCfg = Debug|Any CPU
		{BFBF5308-08B7-48ED-95A0-9F816160B536}.Debug|Any CPU.Build.0 = Debug|Any CPU
		{BFBF5308-08B7-48ED-95A0-9F816160B536}.Release|Any CPU.ActiveCfg = Release|Any CPU
		{BFBF5308-08B7-48ED-95A0-9F816160B536}.Release|Any CPU.Build.0 = Release|Any CPU
	EndGlobalSection
	GlobalSection(SolutionProperties) = preSolution
		HideSolutionNode = FALSE
	EndGlobalSection
	GlobalSection(ExtensibilityGlobals) = postSolution
		SolutionGuid = {B054EAAF-082A-44B1-A218-38D71433D798}
	EndGlobalSection
EndGlobal
